
Microsoft Visual Studio Solution File, Format Version 12.00
# Visual Studio Version 16
VisualStudioVersion = 16.0.28729.10
MinimumVisualStudioVersion = 10.0.40219.1
Project("{FAE04EC0-301F-11D3-BF4B-00C04F79EFBC}") = "DevCaching", "DevCaching\DevCaching.csproj", "{36DB2F01-9CEE-4C82-B608-744932266E4E}"
EndProject
Global
	GlobalSection(SolutionConfigurationPlatforms) = preSolution
		Debug|Any CPU = Debug|Any CPU
		Release|Any CPU = Release|Any CPU
	EndGlobalSection
	GlobalSection(ProjectConfigurationPlatforms) = postSolution
		{36DB2F01-9CEE-4C82-B608-744932266E4E}.Debug|Any CPU.ActiveCfg = Debug|Any CPU
		{36DB2F01-9CEE-4C82-B608-744932266E4E}.Debug|Any CPU.Build.0 = Debug|Any CPU
		{36DB2F01-9CEE-4C82-B608-744932266E4E}.Release|Any CPU.ActiveCfg = Release|Any CPU
		{36DB2F01-9CEE-4C82-B608-744932266E4E}.Release|Any CPU.Build.0 = Release|Any CPU
	EndGlobalSection
	GlobalSection(SolutionProperties) = preSolution
		HideSolutionNode = FALSE
	EndGlobalSection
	GlobalSection(ExtensibilityGlobals) = postSolution
		SolutionGuid = {041C2124-E50F-47B3-A7FD-E5DB8AFD091F}
	EndGlobalSection
EndGlobal
